{
  "requires": true,
  "lockfileVersion": 1,
  "dependencies": {
    "@react-spring/animated": {
      "version": "9.2.5",
      "resolved": "https://registry.npmjs.org/@react-spring/animated/-/animated-9.2.5.tgz",
      "integrity": "sha512-SDIgozNdxQ8xj4xbrF9aDsU/xyZ1WlnbnLo6BAvTciVIwp4Zhbt8keISQ2bq3THDjPxQbRTzxry8pSW2qUwXaw==",
      "requires": {
        "@react-spring/shared": "~9.2.5-beta.0",
        "@react-spring/types": "~9.2.5-beta.0"
      }
    },
    "@react-spring/core": {
      "version": "9.2.5",
      "resolved": "https://registry.npmjs.org/@react-spring/core/-/core-9.2.5.tgz",
      "integrity": "sha512-3pQOA1QyEu3/8tEfZ0DGklPULyM+bXqJE0JJ0S0lBUivd2MvxhVbJzqoHKxdoHI8CsVSFWMNwwJQ4Vd/XpAk8w==",
      "requires": {
        "@react-spring/animated": "~9.2.5-beta.0",
        "@react-spring/shared": "~9.2.5-beta.0",
        "@react-spring/types": "~9.2.5-beta.0"
      }
    },
    "@react-spring/konva": {
      "version": "9.2.5",
      "resolved": "https://registry.npmjs.org/@react-spring/konva/-/konva-9.2.5.tgz",
      "integrity": "sha512-uha9cTyO68Vo6CDw2CBmQqJfrj4w0LwSbg1E2o9nJpjkI/Ojhj3oiNmiKVaLbaZmCiGo6tHZZeK/8kNQiBhhDg==",
      "requires": {
        "@react-spring/animated": "~9.2.5-beta.0",
        "@react-spring/core": "~9.2.5-beta.0",
        "@react-spring/shared": "~9.2.5-beta.0",
        "@react-spring/types": "~9.2.5-beta.0"
      }
    },
    "@react-spring/native": {
      "version": "9.2.5",
      "resolved": "https://registry.npmjs.org/@react-spring/native/-/native-9.2.5.tgz",
      "integrity": "sha512-WF2XCte2qaZNn6seC1E1r514d1S6KVmtgZUliKojIzjpoqzicBvLKMrRtWWKBMas7HxtSKgrxgyQQmnL9omZYA==",
      "requires": {
        "@react-spring/animated": "~9.2.5-beta.0",
        "@react-spring/core": "~9.2.5-beta.0",
        "@react-spring/shared": "~9.2.5-beta.0",
        "@react-spring/types": "~9.2.5-beta.0"
      }
    },
    "@react-spring/rafz": {
      "version": "9.2.5",
      "resolved": "https://registry.npmjs.org/@react-spring/rafz/-/rafz-9.2.5.tgz",
      "integrity": "sha512-FZdbgcBMF1DM/eCnHZ28nHUG984gqcZHWlz2aIfj5TikPTzgVYDECCW/Pvt3ncHLTxikjYn2wvDV3/Q68yqv8A=="
    },
    "@react-spring/shared": {
      "version": "9.2.5",
      "resolved": "https://registry.npmjs.org/@react-spring/shared/-/shared-9.2.5.tgz",
      "integrity": "sha512-kutUl8PN0xBSXBmpnHJVFDsgOCFP448syiCcRfdSsryO8kVfJOcSNT4BzIqmzDCWto/neBQJs2iEhKOZTfwQnA==",
      "requires": {
        "@react-spring/rafz": "~9.2.5-beta.0",
        "@react-spring/types": "~9.2.5-beta.0"
      }
    },
    "@react-spring/three": {
      "version": "9.2.5",
      "resolved": "https://registry.npmjs.org/@react-spring/three/-/three-9.2.5.tgz",
      "integrity": "sha512-FtrxN6KDVMYaymMvwxNNZAJinLQHeKJ5TMQK+GqfLkFuJyNjUgiAThnAWYrp76iZrSR3AxOqNkZ36YZ7cjwNjA==",
      "requires": {
        "@react-spring/animated": "~9.2.5-beta.0",
        "@react-spring/core": "~9.2.5-beta.0",
        "@react-spring/shared": "~9.2.5-beta.0",
        "@react-spring/types": "~9.2.5-beta.0"
      }
    },
    "@react-spring/types": {
      "version": "9.2.5",
      "resolved": "https://registry.npmjs.org/@react-spring/types/-/types-9.2.5.tgz",
      "integrity": "sha512-ayitxzSUGO4MTQ6VOeNgUviTV/8nxjwGq6Ie+pFgv6JUlOecwdzo2/apEeHN6ae9tbcxQJx6nuDw/yb590M8Uw=="
    },
    "@react-spring/web": {
      "version": "9.2.5",
      "resolved": "https://registry.npmjs.org/@react-spring/web/-/web-9.2.5.tgz",
      "integrity": "sha512-PYwL03eA9clHPzLHjPwNuJuGPAcmT7Kti1bD1AVTM203qrhF0Nhj8dvCeMqfLVUaCIsr+z3kYw+p45izNxbvZg==",
      "requires": {
        "@react-spring/animated": "~9.2.5-beta.0",
        "@react-spring/core": "~9.2.5-beta.0",
        "@react-spring/shared": "~9.2.5-beta.0",
        "@react-spring/types": "~9.2.5-beta.0"
      }
    },
    "@react-spring/zdog": {
      "version": "9.2.5",
      "resolved": "https://registry.npmjs.org/@react-spring/zdog/-/zdog-9.2.5.tgz",
      "integrity": "sha512-HCndkoF+RfTt4rDUv0Wi/iifYcOfpJ/1pbhQwjO0iYf0RYpMpFjxLv1o6oJ/BfK9uH8JdJ2PKyYOfSzDaiWf8A==",
      "requires": {
        "@react-spring/animated": "~9.2.5-beta.0",
        "@react-spring/core": "~9.2.5-beta.0",
        "@react-spring/shared": "~9.2.5-beta.0",
        "@react-spring/types": "~9.2.5-beta.0"
      }
    },
    "react-spring": {
      "version": "9.2.5",
      "resolved": "https://registry.npmjs.org/react-spring/-/react-spring-9.2.5.tgz",
      "integrity": "sha512-GWkKW3NtnPgoONxM9qX+in6wAv32fgnB9mKAFcbS+1cM7jqGJjKwyXaYbtH5s6wrqgzPT9lv9vVGgrNTS5WDYw==",
      "requires": {
        "@react-spring/core": "~9.2.5-beta.0",
        "@react-spring/konva": "~9.2.5-beta.0",
        "@react-spring/native": "~9.2.5-beta.0",
        "@react-spring/three": "~9.2.5-beta.0",
        "@react-spring/web": "~9.2.5-beta.0",
        "@react-spring/zdog": "~9.2.5-beta.0"
      }
    }
  }
}
